
Microsoft Visual Studio Solution File, Format Version 12.00
# Visual Studio Version 16
VisualStudioVersion = 16.0.29613.14
MinimumVisualStudioVersion = 10.0.40219.1
Project("{FAE04EC0-301F-11D3-BF4B-00C04F79EFBC}") = "WPFCalculator", "WPFCalculator\WPFCalculator.csproj", "{CE2283DE-848D-400E-88A1-79D3BCBB6C5D}"
EndProject
Global
	GlobalSection(SolutionConfigurationPlatforms) = preSolution
		Debug|Any CPU = Debug|Any CPU
		Release|Any CPU = Release|Any CPU
	EndGlobalSection
	GlobalSection(ProjectConfigurationPlatforms) = postSolution
		{CE2283DE-848D-400E-88A1-79D3BCBB6C5D}.Debug|Any CPU.ActiveCfg = Debug|Any CPU
		{CE2283DE-848D-400E-88A1-79D3BCBB6C5D}.Debug|Any CPU.Build.0 = Debug|Any CPU
		{CE2283DE-848D-400E-88A1-79D3BCBB6C5D}.Release|Any CPU.ActiveCfg = Release|Any CPU
		{CE2283DE-848D-400E-88A1-79D3BCBB6C5D}.Release|Any CPU.Build.0 = Release|Any CPU
	EndGlobalSection
	GlobalSection(SolutionProperties) = preSolution
		HideSolutionNode = FALSE
	EndGlobalSection
	GlobalSection(ExtensibilityGlobals) = postSolution
		SolutionGuid = {3B0852A5-D15F-4DB1-ADFF-B734ED3C1855}
	EndGlobalSection
EndGlobal
